
Microsoft Visual Studio Solution File, Format Version 12.00
# Visual Studio Version 17
VisualStudioVersion = 17.2.32526.322
MinimumVisualStudioVersion = 10.0.40219.1
Project("{FAE04EC0-301F-11D3-BF4B-00C04F79EFBC}") = "ClassMetotDemo", "ClassMetotDemo\ClassMetotDemo.csproj", "{2A9E529F-F086-45B0-8608-062C4C168543}"
EndProject
Global
	GlobalSection(SolutionConfigurationPlatforms) = preSolution
		Debug|Any CPU = Debug|Any CPU
		Release|Any CPU = Release|Any CPU
	EndGlobalSection
	GlobalSection(ProjectConfigurationPlatforms) = postSolution
		{2A9E529F-F086-45B0-8608-062C4C168543}.Debug|Any CPU.ActiveCfg = Debug|Any CPU
		{2A9E529F-F086-45B0-8608-062C4C168543}.Debug|Any CPU.Build.0 = Debug|Any CPU
		{2A9E529F-F086-45B0-8608-062C4C168543}.Release|Any CPU.ActiveCfg = Release|Any CPU
		{2A9E529F-F086-45B0-8608-062C4C168543}.Release|Any CPU.Build.0 = Release|Any CPU
	EndGlobalSection
	GlobalSection(SolutionProperties) = preSolution
		HideSolutionNode = FALSE
	EndGlobalSection
	GlobalSection(ExtensibilityGlobals) = postSolution
		SolutionGuid = {6B0C866F-02FF-4BBD-8966-0B8C278FD5E8}
	EndGlobalSection
EndGlobal
